
Microsoft Visual Studio Solution File, Format Version 12.00
# Visual Studio Version 17
VisualStudioVersion = 17.7.34031.279
MinimumVisualStudioVersion = 10.0.40219.1
Project("{9A19103F-16F7-4668-BE54-9A1E7A4F7556}") = "MagicVilla_VillaAPI", "MagicVilla_VillaAPI\MagicVilla_VillaAPI.csproj", "{79BB3DE6-5A11-4855-B150-94445F94758A}"
EndProject
Project("{FAE04EC0-301F-11D3-BF4B-00C04F79EFBC}") = "MagicVilla_Web", "MagicVilla_Web\MagicVilla_Web.csproj", "{3004ACCD-DE7A-444C-96C2-32C54C07DB13}"
EndProject
Global
	GlobalSection(SolutionConfigurationPlatforms) = preSolution
		Debug|Any CPU = Debug|Any CPU
		Release|Any CPU = Release|Any CPU
	EndGlobalSection
	GlobalSection(ProjectConfigurationPlatforms) = postSolution
		{79BB3DE6-5A11-4855-B150-94445F94758A}.Debug|Any CPU.ActiveCfg = Debug|Any CPU
		{79BB3DE6-5A11-4855-B150-94445F94758A}.Debug|Any CPU.Build.0 = Debug|Any CPU
		{79BB3DE6-5A11-4855-B150-94445F94758A}.Release|Any CPU.ActiveCfg = Release|Any CPU
		{79BB3DE6-5A11-4855-B150-94445F94758A}.Release|Any CPU.Build.0 = Release|Any CPU
		{3004ACCD-DE7A-444C-96C2-32C54C07DB13}.Debug|Any CPU.ActiveCfg = Debug|Any CPU
		{3004ACCD-DE7A-444C-96C2-32C54C07DB13}.Debug|Any CPU.Build.0 = Debug|Any CPU
		{3004ACCD-DE7A-444C-96C2-32C54C07DB13}.Release|Any CPU.ActiveCfg = Release|Any CPU
		{3004ACCD-DE7A-444C-96C2-32C54C07DB13}.Release|Any CPU.Build.0 = Release|Any CPU
	EndGlobalSection
	GlobalSection(SolutionProperties) = preSolution
		HideSolutionNode = FALSE
	EndGlobalSection
	GlobalSection(ExtensibilityGlobals) = postSolution
		SolutionGuid = {7651B0C6-82FF-4C26-84D3-9FC4778C1FD4}
	EndGlobalSection
EndGlobal
