Microsoft Visual Studio Solution File, Format Version 12.00
# Visual Studio Version 17
VisualStudioVersion = 17.5.2.0
MinimumVisualStudioVersion = 10.0.40219.1
Project("{FAE04EC0-301F-11D3-BF4B-00C04F79EFBC}") = "MagicVilla_VillaAPI", "MagicVilla_VillaAPI.csproj", "{A508BD39-9532-0692-95DD-6662E31855A5}"
EndProject
Global
	GlobalSection(SolutionConfigurationPlatforms) = preSolution
		Debug|Any CPU = Debug|Any CPU
		Release|Any CPU = Release|Any CPU
	EndGlobalSection
	GlobalSection(ProjectConfigurationPlatforms) = postSolution
		{A508BD39-9532-0692-95DD-6662E31855A5}.Debug|Any CPU.ActiveCfg = Debug|Any CPU
		{A508BD39-9532-0692-95DD-6662E31855A5}.Debug|Any CPU.Build.0 = Debug|Any CPU
		{A508BD39-9532-0692-95DD-6662E31855A5}.Release|Any CPU.ActiveCfg = Release|Any CPU
		{A508BD39-9532-0692-95DD-6662E31855A5}.Release|Any CPU.Build.0 = Release|Any CPU
	EndGlobalSection
	GlobalSection(SolutionProperties) = preSolution
		HideSolutionNode = FALSE
	EndGlobalSection
	GlobalSection(ExtensibilityGlobals) = postSolution
		SolutionGuid = {20A43BC4-ED9F-44CC-A479-29355992C6EF}
	EndGlobalSection
EndGlobal
